// !$*UTF8*$!
{
	archiveVersion = 1;
	classes = {
	};
	objectVersion = 50;
	objects = {

/* Begin PBXBuildFile section */
		198A1BDD25ADDABD0040BAFD /* AppDelegate.swift in Sources */ = {isa = PBXBuildFile; fileRef = 198A1BDC25ADDABD0040BAFD /* AppDelegate.swift */; };
		198A1BDF25ADDABD0040BAFD /* SceneDelegate.swift in Sources */ = {isa = PBXBuildFile; fileRef = 198A1BDE25ADDABD0040BAFD /* SceneDelegate.swift */; };
		198A1BE125ADDABD0040BAFD /* ViewController.swift in Sources */ = {isa = PBXBuildFile; fileRef = 198A1BE025ADDABD0040BAFD /* ViewController.swift */; };
		198A1BE425ADDABD0040BAFD /* Main.storyboard in Resources */ = {isa = PBXBuildFile; fileRef = 198A1BE225ADDABD0040BAFD /* Main.storyboard */; };
		198A1BE625ADDAC10040BAFD /* Assets.xcassets in Resources */ = {isa = PBXBuildFile; fileRef = 198A1BE525ADDAC10040BAFD /* Assets.xcassets */; };
		198A1BE925ADDAC10040BAFD /* LaunchScreen.storyboard in Resources */ = {isa = PBXBuildFile; fileRef = 198A1BE725ADDAC10040BAFD /* LaunchScreen.storyboard */; };
		198A1BF225ADDCF90040BAFD /* ViewController_2.swift in Sources */ = {isa = PBXBuildFile; fileRef = 198A1BF125ADDCF90040BAFD /* ViewController_2.swift */; };
/* End PBXBuildFile section */

/* Begin PBXFileReference section */
		198A1BD925ADDABD0040BAFD /* Combine_Test.app */ = {isa = PBXFileReference; explicitFileType = wrapper.application; includeInIndex = 0; path = Combine_Test.app; sourceTree = BUILT_PRODUCTS_DIR; };
		198A1BDC25ADDABD0040BAFD /* AppDelegate.swift */ = {isa = PBXFileReference; lastKnownFileType = sourcecode.swift; path = AppDelegate.swift; sourceTree = "<group>"; };
		198A1BDE25ADDABD0040BAFD /* SceneDelegate.swift */ = {isa = PBXFileReference; lastKnownFileType = sourcecode.swift; path = SceneDelegate.swift; sourceTree = "<group>"; };
		198A1BE025ADDABD0040BAFD /* ViewController.swift */ = {isa = PBXFileReference; lastKnownFileType = sourcecode.swift; path = ViewController.swift; sourceTree = "<group>"; };
		198A1BE325ADDABD0040BAFD /* Base */ = {isa = PBXFileReference; lastKnownFileType = file.storyboard; name = Base; path = Base.lproj/Main.storyboard; sourceTree = "<group>"; };
		198A1BE525ADDAC10040BAFD /* Assets.xcassets */ = {isa = PBXFileReference; lastKnownFileType = folder.assetcatalog; path = Assets.xcassets; sourceTree = "<group>"; };
		198A1BE825ADDAC10040BAFD /* Base */ = {isa = PBXFileReference; lastKnownFileType = file.storyboard; name = Base; path = Base.lproj/LaunchScreen.storyboard; sourceTree = "<group>"; };
		198A1BEA25ADDAC10040BAFD /* Info.plist */ = {isa = PBXFileReference; lastKnownFileType = text.plist.xml; path = Info.plist; sourceTree = "<group>"; };
		198A1BF125ADDCF90040BAFD /* ViewController_2.swift */ = {isa = PBXFileReference; lastKnownFileType = sourcecode.swift; path = ViewController_2.swift; sourceTree = "<group>"; };
/* End PBXFileReference section */

/* Begin PBXFrameworksBuildPhase section */
		198A1BD625ADDABD0040BAFD /* Frameworks */ = {
			isa = PBXFrameworksBuildPhase;
			buildActionMask = 2147483647;
			files = (
			);
			runOnlyForDeploymentPostprocessing = 0;
		};
/* End PBXFrameworksBuildPhase section */

/* Begin PBXGroup section */
		198A1BD025ADDABD0040BAFD = {
			isa = PBXGroup;
			children = (
				198A1BDB25ADDABD0040BAFD /* Combine_Test */,
				198A1BDA25ADDABD0040BAFD /* Products */,
			);
			sourceTree = "<group>";
		};
		198A1BDA25ADDABD0040BAFD /* Products */ = {
			isa = PBXGroup;
			children = (
				198A1BD925ADDABD0040BAFD /* Combine_Test.app */,
			);
			name = Products;
			sourceTree = "<group>";
		};
		198A1BDB25ADDABD0040BAFD /* Combine_Test */ = {
			isa = PBXGroup;
			children = (
				198A1BDC25ADDABD0040BAFD /* AppDelegate.swift */,
				198A1BDE25ADDABD0040BAFD /* SceneDelegate.swift */,
				198A1BE025ADDABD0040BAFD /* ViewController.swift */,
				198A1BE225ADDABD0040BAFD /* Main.storyboard */,
				198A1BF125ADDCF90040BAFD /* ViewController_2.swift */,
				198A1BE525ADDAC10040BAFD /* Assets.xcassets */,
				198A1BE725ADDAC10040BAFD /* LaunchScreen.storyboard */,
				198A1BEA25ADDAC10040BAFD /* Info.plist */,
			);
			path = Combine_Test;
			sourceTree = "<group>";
		};
/* End PBXGroup section */

/* Begin PBXNativeTarget section */
		198A1BD825ADDABD0040BAFD /* Combine_Test */ = {
			isa = PBXNativeTarget;
			buildConfigurationList = 198A1BED25ADDAC10040BAFD /* Build configuration list for PBXNativeTarget "Combine_Test" */;
			buildPhases = (
				198A1BD525ADDABD0040BAFD /* Sources */,
				198A1BD625ADDABD0040BAFD /* Frameworks */,
				198A1BD725ADDABD0040BAFD /* Resources */,
			);
			buildRules = (
			);
			dependencies = (
			);
			name = Combine_Test;
			productName = Combine_Test;
			productReference = 198A1BD925ADDABD0040BAFD /* Combine_Test.app */;
			productType = "com.apple.product-type.application";
		};
/* End PBXNativeTarget section */

/* Begin PBXProject section */
		198A1BD125ADDABD0040BAFD /* Project object */ = {
			isa = PBXProject;
			attributes = {
				LastSwiftUpdateCheck = 1230;
				LastUpgradeCheck = 1230;
				TargetAttributes = {
					198A1BD825ADDABD0040BAFD = {
						CreatedOnToolsVersion = 12.3;
					};
				};
			};
			buildConfigurationList = 198A1BD425ADDABD0040BAFD /* Build configuration list for PBXProject "Combine_Test" */;
			compatibilityVersion = "Xcode 9.3";
			developmentRegion = en;
			hasScannedForEncodings = 0;
			knownRegions = (
				en,
				Base,
			);
			mainGroup = 198A1BD025ADDABD0040BAFD;
			productRefGroup = 198A1BDA25ADDABD0040BAFD /* Products */;
			projectDirPath = "";
			projectRoot = "";
			targets = (
				198A1BD825ADDABD0040BAFD /* Combine_Test */,
			);
		};
/* End PBXProject section */

/* Begin PBXResourcesBuildPhase section */
		198A1BD725ADDABD0040BAFD /* Resources */ = {
			isa = PBXResourcesBuildPhase;
			buildActionMask = 2147483647;
			files = (
				198A1BE925ADDAC10040BAFD /* LaunchScreen.storyboard in Resources */,
				198A1BE625ADDAC10040BAFD /* Assets.xcassets in Resources */,
				198A1BE425ADDABD0040BAFD /* Main.storyboard in Resources */,
			);
			runOnlyForDeploymentPostprocessing = 0;
		};
/* End PBXResourcesBuildPhase section */

/* Begin PBXSourcesBuildPhase section */
		198A1BD525ADDABD0040BAFD /* Sources */ = {
			isa = PBXSourcesBuildPhase;
			buildActionMask = 2147483647;
			files = (
				198A1BE125ADDABD0040BAFD /* ViewController.swift in Sources */,
				198A1BF225ADDCF90040BAFD /* ViewController_2.swift in Sources */,
				198A1BDD25ADDABD0040BAFD /* AppDelegate.swift in Sources */,
				198A1BDF25ADDABD0040BAFD /* SceneDelegate.swift in Sources */,
			);
			runOnlyForDeploymentPostprocessing = 0;
		};
/* End PBXSourcesBuildPhase section */

/* Begin PBXVariantGroup section */
		198A1BE225ADDABD0040BAFD /* Main.storyboard */ = {
			isa = PBXVariantGroup;
			children = (
				198A1BE325ADDABD0040BAFD /* Base */,
			);
			name = Main.storyboard;
			sourceTree = "<group>";
		};
		198A1BE725ADDAC10040BAFD /* LaunchScreen.storyboard */ = {
			isa = PBXVariantGroup;
			children = (
				198A1BE825ADDAC10040BAFD /* Base */,
			);
			name = LaunchScreen.storyboard;
			sourceTree = "<group>";
		};
/* End PBXVariantGroup section */

/* Begin XCBuildConfiguration section */
		198A1BEB25ADDAC10040BAFD /* Debug */ = {
			isa = XCBuildConfiguration;
			buildSettings = {
				ALWAYS_SEARCH_USER_PATHS = NO;
				CLANG_ANALYZER_NONNULL = YES;
				CLANG_ANALYZER_NUMBER_OBJECT_CONVERSION = YES_AGGRESSIVE;
				CLANG_CXX_LANGUAGE_STANDARD = "gnu++14";
				CLANG_CXX_LIBRARY = "libc++";
				CLANG_ENABLE_MODULES = YES;
				CLANG_ENABLE_OBJC_ARC = YES;
				CLANG_ENABLE_OBJC_WEAK = YES;
				CLANG_WARN_BLOCK_CAPTURE_AUTORELEASING = YES;
				CLANG_WARN_BOOL_CONVERSION = YES;
				CLANG_WARN_COMMA = YES;
				CLANG_WARN_CONSTANT_CONVERSION = YES;
				CLANG_WARN_DEPRECATED_OBJC_IMPLEMENTATIONS = YES;
				CLANG_WARN_DIRECT_OBJC_ISA_USAGE = YES_ERROR;
				CLANG_WARN_DOCUMENTATION_COMMENTS = YES;
				CLANG_WARN_EMPTY_BODY = YES;
				CLANG_WARN_ENUM_CONVERSION = YES;
				CLANG_WARN_INFINITE_RECURSION = YES;
				CLANG_WARN_INT_CONVERSION = YES;
				CLANG_WARN_NON_LITERAL_NULL_CONVERSION = YES;
				CLANG_WARN_OBJC_IMPLICIT_RETAIN_SELF = YES;
				CLANG_WARN_OBJC_LITERAL_CONVERSION = YES;
				CLANG_WARN_OBJC_ROOT_CLASS = YES_ERROR;
				CLANG_WARN_QUOTED_INCLUDE_IN_FRAMEWORK_HEADER = YES;
				CLANG_WARN_RANGE_LOOP_ANALYSIS = YES;
				CLANG_WARN_STRICT_PROTOTYPES = YES;
				CLANG_WARN_SUSPICIOUS_MOVE = YES;
				CLANG_WARN_UNGUARDED_AVAILABILITY = YES_AGGRESSIVE;
				CLANG_WARN_UNREACHABLE_CODE = YES;
				CLANG_WARN__DUPLICATE_METHOD_MATCH = YES;
				COPY_PHASE_STRIP = NO;
				DEBUG_INFORMATION_FORMAT = dwarf;
				ENABLE_STRICT_OBJC_MSGSEND = YES;
				ENABLE_TESTABILITY = YES;
				GCC_C_LANGUAGE_STANDARD = gnu11;
				GCC_DYNAMIC_NO_PIC = NO;
				GCC_NO_COMMON_BLOCKS = YES;
				GCC_OPTIMIZATION_LEVEL = 0;
				GCC_PREPROCESSOR_DEFINITIONS = (
					"DEBUG=1",
					"$(inherited)",
				);
				GCC_WARN_64_TO_32_BIT_CONVERSION = YES;
				GCC_WARN_ABOUT_RETURN_TYPE = YES_ERROR;
				GCC_WARN_UNDECLARED_SELECTOR = YES;
				GCC_WARN_UNINITIALIZED_AUTOS = YES_AGGRESSIVE;
				GCC_WARN_UNUSED_FUNCTION = YES;
				GCC_WARN_UNUSED_VARIABLE = YES;
				IPHONEOS_DEPLOYMENT_TARGET = 14.3;
				MTL_ENABLE_DEBUG_INFO = INCLUDE_SOURCE;
				MTL_FAST_MATH = YES;
				ONLY_ACTIVE_ARCH = YES;
				SDKROOT = iphoneos;
				SWIFT_ACTIVE_COMPILATION_CONDITIONS = DEBUG;
				SWIFT_OPTIMIZATION_LEVEL = "-Onone";
			};
			name = Debug;
		};
		198A1BEC25ADDAC10040BAFD /* Release */ = {
			isa = XCBuildConfiguration;
			buildSettings = {
				ALWAYS_SEARCH_USER_PATHS = NO;
				CLANG_ANALYZER_NONNULL = YES;
				CLANG_ANALYZER_NUMBER_OBJECT_CONVERSION = YES_AGGRESSIVE;
				CLANG_CXX_LANGUAGE_STANDARD = "gnu++14";
				CLANG_CXX_LIBRARY = "libc++";
				CLANG_ENABLE_MODULES = YES;
				CLANG_ENABLE_OBJC_ARC = YES;
				CLANG_ENABLE_OBJC_WEAK = YES;
				CLANG_WARN_BLOCK_CAPTURE_AUTORELEASING = YES;
				CLANG_WARN_BOOL_CONVERSION = YES;
				CLANG_WARN_COMMA = YES;
				CLANG_WARN_CONSTANT_CONVERSION = YES;
				CLANG_WARN_DEPRECATED_OBJC_IMPLEMENTATIONS = YES;
				CLANG_WARN_DIRECT_OBJC_ISA_USAGE = YES_ERROR;
				CLANG_WARN_DOCUMENTATION_COMMENTS = YES;
				CLANG_WARN_EMPTY_BODY = YES;
				CLANG_WARN_ENUM_CONVERSION = YES;
				CLANG_WARN_INFINITE_RECURSION = YES;
				CLANG_WARN_INT_CONVERSION = YES;
				CLANG_WARN_NON_LITERAL_NULL_CONVERSION = YES;
				CLANG_WARN_OBJC_IMPLICIT_RETAIN_SELF = YES;
				CLANG_WARN_OBJC_LITERAL_CONVERSION = YES;
				CLANG_WARN_OBJC_ROOT_CLASS = YES_ERROR;
				CLANG_WARN_QUOTED_INCLUDE_IN_FRAMEWORK_HEADER = YES;
				CLANG_WARN_RANGE_LOOP_ANALYSIS = YES;
				CLANG_WARN_STRICT_PROTOTYPES = YES;
				CLANG_WARN_SUSPICIOUS_MOVE = YES;
				CLANG_WARN_UNGUARDED_AVAILABILITY = YES_AGGRESSIVE;
				CLANG_WARN_UNREACHABLE_CODE = YES;
				CLANG_WARN__DUPLICATE_METHOD_MATCH = YES;
				COPY_PHASE_STRIP = NO;
				DEBUG_INFORMATION_FORMAT = "dwarf-with-dsym";
				ENABLE_NS_ASSERTIONS = NO;
				ENABLE_STRICT_OBJC_MSGSEND = YES;
				GCC_C_LANGUAGE_STANDARD = gnu11;
				GCC_NO_COMMON_BLOCKS = YES;
				GCC_WARN_64_TO_32_BIT_CONVERSION = YES;
				GCC_WARN_ABOUT_RETURN_TYPE = YES_ERROR;
				GCC_WARN_UNDECLARED_SELECTOR = YES;
				GCC_WARN_UNINITIALIZED_AUTOS = YES_AGGRESSIVE;
				GCC_WARN_UNUSED_FUNCTION = YES;
				GCC_WARN_UNUSED_VARIABLE = YES;
				IPHONEOS_DEPLOYMENT_TARGET = 14.3;
				MTL_ENABLE_DEBUG_INFO = NO;
				MTL_FAST_MATH = YES;
				SDKROOT = iphoneos;
				SWIFT_COMPILATION_MODE = wholemodule;
				SWIFT_OPTIMIZATION_LEVEL = "-O";
				VALIDATE_PRODUCT = YES;
			};
			name = Release;
		};
		198A1BEE25ADDAC10040BAFD /* Debug */ = {
			isa = XCBuildConfiguration;
			buildSettings = {
				ASSETCATALOG_COMPILER_APPICON_NAME = AppIcon;
				ASSETCATALOG_COMPILER_GLOBAL_ACCENT_COLOR_NAME = AccentColor;
				CODE_SIGN_STYLE = Automatic;
				DEVELOPMENT_TEAM = 897D8KJJ6Y;
				INFOPLIST_FILE = Combine_Test/Info.plist;
				LD_RUNPATH_SEARCH_PATHS = (
					"$(inherited)",
					"@executable_path/Frameworks",
				);
				PRODUCT_BUNDLE_IDENTIFIER = "mc.Combine-Test";
				PRODUCT_NAME = "$(TARGET_NAME)";
				SWIFT_VERSION = 5.0;
				TARGETED_DEVICE_FAMILY = "1,2";
			};
			name = Debug;
		};
		198A1BEF25ADDAC10040BAFD /* Release */ = {
			isa = XCBuildConfiguration;
			buildSettings = {
				ASSETCATALOG_COMPILER_APPICON_NAME = AppIcon;
				ASSETCATALOG_COMPILER_GLOBAL_ACCENT_COLOR_NAME = AccentColor;
				CODE_SIGN_STYLE = Automatic;
				DEVELOPMENT_TEAM = 897D8KJJ6Y;
				INFOPLIST_FILE = Combine_Test/Info.plist;
				LD_RUNPATH_SEARCH_PATHS = (
					"$(inherited)",
					"@executable_path/Frameworks",
				);
				PRODUCT_BUNDLE_IDENTIFIER = "mc.Combine-Test";
				PRODUCT_NAME = "$(TARGET_NAME)";
				SWIFT_VERSION = 5.0;
				TARGETED_DEVICE_FAMILY = "1,2";
			};
			name = Release;
		};
/* End XCBuildConfiguration section */

/* Begin XCConfigurationList section */
		198A1BD425ADDABD0040BAFD /* Build configuration list for PBXProject "Combine_Test" */ = {
			isa = XCConfigurationList;
			buildConfigurations = (
				198A1BEB25ADDAC10040BAFD /* Debug */,
				198A1BEC25ADDAC10040BAFD /* Release */,
			);
			defaultConfigurationIsVisible = 0;
			defaultConfigurationName = Release;
		};
		198A1BED25ADDAC10040BAFD /* Build configuration list for PBXNativeTarget "Combine_Test" */ = {
			isa = XCConfigurationList;
			buildConfigurations = (
				198A1BEE25ADDAC10040BAFD /* Debug */,
				198A1BEF25ADDAC10040BAFD /* Release */,
			);
			defaultConfigurationIsVisible = 0;
			defaultConfigurationName = Release;
		};
/* End XCConfigurationList section */
	};
	rootObject = 198A1BD125ADDABD0040BAFD /* Project object */;
}
